[[package]]
category = "main"
description = "Asyncio support for PEP-567 contextvars backport."
marker = "python_version < \"3.7\""
name = "aiocontextvars"
optional = false
python-versions = ">=3.5"
version = "0.2.2"

[package.dependencies]
[package.dependencies.contextvars]
python = "<3.7"
version = "2.4"

[[package]]
category = "dev"
description = "Atomic file writes."
name = "atomicwrites"
optional = false
python-versions = ">=2.7, !=3.0.*, !=3.1.*, !=3.2.*, !=3.3.*"
version = "1.3.0"

[[package]]
category = "dev"
description = "Classes Without Boilerplate"
name = "attrs"
optional = false
python-versions = ">=2.7, !=3.0.*, !=3.1.*, !=3.2.*, !=3.3.*"
version = "19.3.0"

[[package]]
category = "main"
description = "Base58 and Base58Check implementation"
name = "base58"
optional = false
python-versions = "*"
version = "1.0.3"

[[package]]
category = "main"
description = "Python package for providing Mozilla's CA Bundle."
name = "certifi"
optional = false
python-versions = "*"
version = "2019.11.28"

[[package]]
category = "main"
description = "Foreign Function Interface for Python calling C code."
name = "cffi"
optional = false
python-versions = "*"
version = "1.14.0"

[package.dependencies]
pycparser = "*"

[[package]]
category = "main"
description = "Universal encoding detector for Python 2 and 3"
name = "chardet"
optional = false
python-versions = "*"
version = "3.0.4"

[[package]]
category = "main"
description = "Cross-platform colored terminal text."
marker = "sys_platform == \"win32\""
name = "colorama"
optional = false
python-versions = ">=2.7, !=3.0.*, !=3.1.*, !=3.2.*, !=3.3.*, !=3.4.*"
version = "0.4.3"

[[package]]
category = "main"
description = "PEP 567 Backport"
marker = "python_version < \"3.7\""
name = "contextvars"
optional = false
python-versions = "*"
version = "2.4"

[package.dependencies]
immutables = ">=0.9"

[[package]]
category = "dev"
description = "Code coverage measurement for Python"
name = "coverage"
optional = false
python-versions = ">=2.7, !=3.0.*, !=3.1.*, !=3.2.*, !=3.3.*, !=3.4.*, <4"
version = "5.0.3"

[[package]]
category = "main"
description = "Fast elliptic curve digital signatures"
name = "fastecdsa"
optional = false
python-versions = "*"
version = "1.7.5"

[package.dependencies]
six = "*"

[[package]]
category = "main"
description = "A library for automatically generating command line interfaces."
name = "fire"
optional = false
python-versions = "*"
version = "0.2.1"

[package.dependencies]
six = "*"
termcolor = "*"

[[package]]
category = "main"
description = "Internationalized Domain Names in Applications (IDNA)"
name = "idna"
optional = false
python-versions = ">=2.7, !=3.0.*, !=3.1.*, !=3.2.*, !=3.3.*"
version = "2.9"

[[package]]
category = "main"
description = "Immutable Collections"
marker = "python_version < \"3.7\""
name = "immutables"
optional = false
python-versions = "*"
version = "0.11"

[[package]]
category = "dev"
description = "Read metadata from Python packages"
marker = "python_version < \"3.8\""
name = "importlib-metadata"
optional = false
python-versions = "!=3.0.*,!=3.1.*,!=3.2.*,!=3.3.*,!=3.4.*,>=2.7"
version = "1.5.0"

[package.dependencies]
zipp = ">=0.5"

[[package]]
category = "main"
description = "Python logging made (stupidly) simple"
name = "loguru"
optional = false
python-versions = ">=3.5"
version = "0.4.1"

[package.dependencies]
colorama = ">=0.3.4"
win32-setctime = ">=1.0.0"

[package.dependencies.aiocontextvars]
python = "<3.7"
version = ">=0.2.0"

[[package]]
category = "main"
description = "Implementation of Bitcoin BIP-0039"
name = "mnemonic"
optional = false
python-versions = "*"
version = "0.19"

[[package]]
category = "dev"
description = "More routines for operating on iterables, beyond itertools"
name = "more-itertools"
optional = false
python-versions = ">=3.5"
version = "8.2.0"

[[package]]
category = "main"
description = "Packed binary data for networking."
name = "netstruct"
optional = false
python-versions = "*"
version = "1.1.2"

[[package]]
category = "dev"
description = "Parameterized testing with any Python test framework"
name = "parameterized"
optional = false
python-versions = "*"
version = "0.7.1"

[[package]]
category = "main"
description = "Python datetimes made easy"
name = "pendulum"
optional = false
python-versions = ">=2.7, !=3.0.*, !=3.1.*, !=3.2.*, !=3.3.*"
version = "2.0.5"

[package.dependencies]
python-dateutil = ">=2.6,<3.0"
pytzdata = ">=2018.3"

[[package]]
category = "dev"
description = "plugin and hook calling mechanisms for python"
name = "pluggy"
optional = false
python-versions = ">=2.7, !=3.0.*, !=3.1.*, !=3.2.*, !=3.3.*"
version = "0.13.1"

[package.dependencies]
[package.dependencies.importlib-metadata]
python = "<3.8"
version = ">=0.12"

[[package]]
category = "main"
description = "Python Lex & Yacc"
name = "ply"
optional = false
python-versions = "*"
version = "3.11"

[[package]]
category = "dev"
description = "library with cross-python path, ini-parsing, io, code, log facilities"
name = "py"
optional = false
python-versions = ">=2.7, !=3.0.*, !=3.1.*, !=3.2.*, !=3.3.*"
version = "1.8.1"

[[package]]
category = "main"
description = "BLAKE2 hash function extension module"
name = "pyblake2"
optional = false
python-versions = "*"
version = "1.1.2"

[[package]]
category = "main"
description = "C parser in Python"
name = "pycparser"
optional = false
python-versions = ">=2.7, !=3.0.*, !=3.1.*, !=3.2.*, !=3.3.*"
version = "2.20"

[[package]]
category = "main"
description = "python libsodium wrapper"
name = "pysodium"
optional = false
python-versions = "*"
version = "0.7.5"

[[package]]
category = "dev"
description = "pytest: simple powerful testing with Python"
name = "pytest"
optional = false
python-versions = ">=2.7, !=3.0.*, !=3.1.*, !=3.2.*, !=3.3.*"
version = "3.10.1"

[package.dependencies]
atomicwrites = ">=1.0"
attrs = ">=17.4.0"
colorama = "*"
more-itertools = ">=4.0.0"
pluggy = ">=0.7"
py = ">=1.5.0"
setuptools = "*"
six = ">=1.10.0"

[[package]]
category = "dev"
description = "Pytest plugin for measuring coverage."
name = "pytest-cov"
optional = false
python-versions = ">=2.7, !=3.0.*, !=3.1.*, !=3.2.*, !=3.3.*"
version = "2.8.1"

[package.dependencies]
coverage = ">=4.4"
pytest = ">=3.6"

[[package]]
category = "main"
description = "Extensions to the standard Python datetime module"
name = "python-dateutil"
optional = false
python-versions = "!=3.0.*,!=3.1.*,!=3.2.*,>=2.7"
version = "2.8.1"

[package.dependencies]
six = ">=1.5"

[[package]]
category = "main"
description = "The Olson timezone database for Python."
name = "pytzdata"
optional = false
python-versions = ">=2.7, !=3.0.*, !=3.1.*, !=3.2.*, !=3.3.*"
version = "2019.3"

[[package]]
category = "main"
description = "YAML parser and emitter for Python"
name = "pyyaml"
optional = false
python-versions = ">=2.7, !=3.0.*, !=3.1.*, !=3.2.*, !=3.3.*, !=3.4.*"
version = "5.3"

[[package]]
category = "main"
description = "Python HTTP for Humans."
name = "requests"
optional = false
python-versions = ">=2.7, !=3.0.*, !=3.1.*, !=3.2.*, !=3.3.*, !=3.4.*"
version = "2.23.0"

[package.dependencies]
certifi = ">=2017.4.17"
chardet = ">=3.0.2,<4"
idna = ">=2.5,<3"
urllib3 = ">=1.21.1,<1.25.0 || >1.25.0,<1.25.1 || >1.25.1,<1.26"

[[package]]
category = "main"
description = "FFI bindings to libsecp256k1"
name = "secp256k1"
optional = false
python-versions = "*"
version = "0.13.2"

[package.dependencies]
cffi = ">=1.3.0"

[[package]]
category = "main"
description = "Simple, fast, extensible JSON encoder/decoder for Python"
name = "simplejson"
optional = false
python-versions = ">=2.5, !=3.0.*, !=3.1.*, !=3.2.*"
version = "3.17.0"

[[package]]
category = "main"
description = "Python 2 and 3 compatibility utilities"
name = "six"
optional = false
python-versions = ">=2.7, !=3.0.*, !=3.1.*, !=3.2.*"
version = "1.14.0"

[[package]]
category = "main"
description = "ANSII Color formatting for output in terminal."
name = "termcolor"
optional = false
python-versions = "*"
version = "1.1.0"

[[package]]
category = "main"
description = "Fast, Extensible Progress Meter"
name = "tqdm"
optional = false
python-versions = ">=2.6, !=3.0.*, !=3.1.*"
version = "4.43.0"

[[package]]
category = "main"
description = "HTTP library with thread-safe connection pooling, file post, and more."
name = "urllib3"
optional = false
python-versions = ">=2.7, !=3.0.*, !=3.1.*, !=3.2.*, !=3.3.*, !=3.4.*, <4"
version = "1.25.8"

[[package]]
category = "main"
description = "A small Python utility to set file creation time on Windows"
marker = "sys_platform == \"win32\""
name = "win32-setctime"
optional = false
python-versions = ">=3.5"
version = "1.0.1"

[[package]]
category = "dev"
description = "Backport of pathlib-compatible object wrapper for zip files"
marker = "python_version < \"3.8\""
name = "zipp"
optional = false
python-versions = ">=3.6"
version = "3.1.0"

[metadata]
content-hash = "4894589af6942b5ced846e167d974222dbf91e15db251c5f5d06bdad6dd760ab"
python-versions = "^3.6"

[metadata.hashes]
aiocontextvars = ["885daf8261818767d8f7cbd79f9d4482d118f024b6586ef6e67980236a27bfa3", "f027372dc48641f683c559f247bd84962becaacdc9ba711d583c3871fb5652aa"]
atomicwrites = ["03472c30eb2c5d1ba9227e4c2ca66ab8287fbfbbda3888aa93dc2e28fc6811b4", "75a9445bac02d8d058d5e1fe689654ba5a6556a1dfd8ce6ec55a0ed79866cfa6"]
attrs = ["08a96c641c3a74e44eb59afb61a24f2cb9f4d7188748e76ba4bb5edfa3cb7d1c", "f7b7ce16570fe9965acd6d30101a28f62fb4a7f9e926b3bbc9b61f8b04247e72"]
base58 = ["1e42993c0628ed4f898c03b522b26af78fb05115732549b21a028bc4633d19ab", "6aa0553e477478993588303c54659d15e3c17ae062508c854a8b752d07c716bd", "9a793c599979c497800eb414c852b80866f28daaed5494703fc129592cc83e60"]
certifi = ["017c25db2a153ce562900032d5bc68e9f191e44e9a0f762f373977de9df1fbb3", "25b64c7da4cd7479594d035c08c2d809eb4aab3a26e5a990ea98cc450c320f1f"]
cffi = ["001bf3242a1bb04d985d63e138230802c6c8d4db3668fb545fb5005ddf5bb5ff", "00789914be39dffba161cfc5be31b55775de5ba2235fe49aa28c148236c4e06b", "028a579fc9aed3af38f4892bdcc7390508adabc30c6af4a6e4f611b0c680e6ac", "14491a910663bf9f13ddf2bc8f60562d6bc5315c1f09c704937ef17293fb85b0", "1cae98a7054b5c9391eb3249b86e0e99ab1e02bb0cc0575da191aedadbdf4384", "2089ed025da3919d2e75a4d963d008330c96751127dd6f73c8dc0c65041b4c26", "2d384f4a127a15ba701207f7639d94106693b6cd64173d6c8988e2c25f3ac2b6", "337d448e5a725bba2d8293c48d9353fc68d0e9e4088d62a9571def317797522b", "399aed636c7d3749bbed55bc907c3288cb43c65c4389964ad5ff849b6370603e", "3b911c2dbd4f423b4c4fcca138cadde747abdb20d196c4a48708b8a2d32b16dd", "3d311bcc4a41408cf5854f06ef2c5cab88f9fded37a3b95936c9879c1640d4c2", "62ae9af2d069ea2698bf536dcfe1e4eed9090211dbaafeeedf5cb6c41b352f66", "66e41db66b47d0d8672d8ed2708ba91b2f2524ece3dee48b5dfb36be8c2f21dc", "675686925a9fb403edba0114db74e741d8181683dcf216be697d208857e04ca8", "7e63cbcf2429a8dbfe48dcc2322d5f2220b77b2e17b7ba023d6166d84655da55", "8a6c688fefb4e1cd56feb6c511984a6c4f7ec7d2a1ff31a10254f3c817054ae4", "8c0ffc886aea5df6a1762d0019e9cb05f825d0eec1f520c51be9d198701daee5", "95cd16d3dee553f882540c1ffe331d085c9e629499ceadfbda4d4fde635f4b7d", "99f748a7e71ff382613b4e1acc0ac83bf7ad167fb3802e35e90d9763daba4d78", "b8c78301cefcf5fd914aad35d3c04c2b21ce8629b5e4f4e45ae6812e461910fa", "c420917b188a5582a56d8b93bdd8e0f6eca08c84ff623a4c16e809152cd35793", "c43866529f2f06fe0edc6246eb4faa34f03fe88b64a0a9a942561c8e22f4b71f", "cab50b8c2250b46fe738c77dbd25ce017d5e6fb35d3407606e7a4180656a5a6a", "cef128cb4d5e0b3493f058f10ce32365972c554572ff821e175dbc6f8ff6924f", "cf16e3cf6c0a5fdd9bc10c21687e19d29ad1fe863372b5543deaec1039581a30", "e56c744aa6ff427a607763346e4170629caf7e48ead6921745986db3692f987f", "e577934fc5f8779c554639376beeaa5657d54349096ef24abe8c74c5d9c117c3", "f2b0fa0c01d8a0c7483afd9f31d7ecf2d71760ca24499c8697aeb5ca37dc090c"]
chardet = ["84ab92ed1c4d4f16916e05906b6b75a6c0fb5db821cc65e70cbd64a3e2a5eaae", "fc323ffcaeaed0e0a02bf4d117757b98aed530d9ed4531e3e15460124c106691"]
colorama = ["7d73d2a99753107a36ac6b455ee49046802e59d9d076ef8e47b61499fa29afff", "e96da0d330793e2cb9485e9ddfd918d456036c7149416295932478192f4436a1"]
contextvars = ["f38c908aaa59c14335eeea12abea5f443646216c4e29380d7bf34d2018e2c39e"]
coverage = ["15cf13a6896048d6d947bf7d222f36e4809ab926894beb748fc9caa14605d9c3", "1daa3eceed220f9fdb80d5ff950dd95112cd27f70d004c7918ca6dfc6c47054c", "1e44a022500d944d42f94df76727ba3fc0a5c0b672c358b61067abb88caee7a0", "25dbf1110d70bab68a74b4b9d74f30e99b177cde3388e07cc7272f2168bd1477", "3230d1003eec018ad4a472d254991e34241e0bbd513e97a29727c7c2f637bd2a", "3dbb72eaeea5763676a1a1efd9b427a048c97c39ed92e13336e726117d0b72bf", "5012d3b8d5a500834783689a5d2292fe06ec75dc86ee1ccdad04b6f5bf231691", "51bc7710b13a2ae0c726f69756cf7ffd4362f4ac36546e243136187cfcc8aa73", "527b4f316e6bf7755082a783726da20671a0cc388b786a64417780b90565b987", "722e4557c8039aad9592c6a4213db75da08c2cd9945320220634f637251c3894", "76e2057e8ffba5472fd28a3a010431fd9e928885ff480cb278877c6e9943cc2e", "77afca04240c40450c331fa796b3eab6f1e15c5ecf8bf2b8bee9706cd5452fef", "7afad9835e7a651d3551eab18cbc0fdb888f0a6136169fbef0662d9cdc9987cf", "9bea19ac2f08672636350f203db89382121c9c2ade85d945953ef3c8cf9d2a68", "a8b8ac7876bc3598e43e2603f772d2353d9931709345ad6c1149009fd1bc81b8", "b0840b45187699affd4c6588286d429cd79a99d509fe3de0f209594669bb0954", "b26aaf69713e5674efbde4d728fb7124e429c9466aeaf5f4a7e9e699b12c9fe2", "b63dd43f455ba878e5e9f80ba4f748c0a2156dde6e0e6e690310e24d6e8caf40", "be18f4ae5a9e46edae3f329de2191747966a34a3d93046dbdf897319923923bc", "c312e57847db2526bc92b9bfa78266bfbaabac3fdcd751df4d062cd4c23e46dc", "c60097190fe9dc2b329a0eb03393e2e0829156a589bd732e70794c0dd804258e", "c62a2143e1313944bf4a5ab34fd3b4be15367a02e9478b0ce800cb510e3bbb9d", "cc1109f54a14d940b8512ee9f1c3975c181bbb200306c6d8b87d93376538782f", "cd60f507c125ac0ad83f05803063bed27e50fa903b9c2cfee3f8a6867ca600fc", "d513cc3db248e566e07a0da99c230aca3556d9b09ed02f420664e2da97eac301", "d649dc0bcace6fcdb446ae02b98798a856593b19b637c1b9af8edadf2b150bea", "d7008a6796095a79544f4da1ee49418901961c97ca9e9d44904205ff7d6aa8cb", "da93027835164b8223e8e5af2cf902a4c80ed93cb0909417234f4a9df3bcd9af", "e69215621707119c6baf99bda014a45b999d37602cb7043d943c76a59b05bf52", "ea9525e0fef2de9208250d6c5aeeee0138921057cd67fcef90fbed49c4d62d37", "fca1669d464f0c9831fd10be2eef6b86f5ebd76c724d1e0706ebdff86bb4adf0"]
fastecdsa = ["0ac46a3a5a116eea4847d1560234057ecac812d5deb12ff76d98dd15ad6dab12", "4fed79ab9b15f47419c697f97d976a9ffaf648294605dd0ea4a038dbf23c88b4", "bd3b7808cc2bea1e8b3c4dd5928ecfc14072403ab2a47580a7a8350800e6fedd"]
fire = ["6865fefc6981a713d2ce56a2a2c92c56c729269f74a6cddd6f4b94d16ae084c9"]
idna = ["7588d1c14ae4c77d74036e8c22ff447b26d0fde8f007354fd48a7814db15b7cb", "a068a21ceac8a4d63dbfd964670474107f541babbd2250d61922f029858365fa"]
immutables = ["0aa055c745510238cbad2f1f709a37a1c9e30a38594de3b385e9876c48a25633", "0f07c58122e1ce70a7165e68e18e795ac5fe94d7fee3e045ffcf6432602026df", "1c2e729aab250be0de0c13fa833241a778b51390ee2650e0457d1e45b318c441", "2c536ff2bafeeff9a7865ea10a17a50f90b80b585e31396c349e8f57b0075bd4", "2de2ec8dde1ca154f811776a8cbbeaea515c3b226c26036eab6484530eea28e0", "422c7d4c75c88057c625e32992248329507bca180b48cfb702b4ef608f581b50", "518f20945c1f600b618fb691922c2ab43b193f04dd2d4d2823220d0202014670", "545186faab9237c102b8bcffd36d71f0b382174c93c501e061de239753cff694", "6b6d8d035e5888baad3db61dfb167476838a63afccecd927c365f228bb55754c", "b268422a5802fbf934152b835329ac0d23b80b558eaee68034d45718edab4a11", "b8fed714f1c84a3242c7184838f5e9889139a22bbdd701a182b7fdc237ca3cbb", "bce27277a2fe91509cca69181971ab509c2ee862e8b37b09f26b64f90e8fe8fb", "c7eb2d15c35c73bb168c002c6ea145b65f40131e10dede54b39db0b72849b280", "d6850578a0dc6530ac19113cfe4ddc13903df635212d498f176fe601a8a5a4a3", "e87bd941cb4dfa35f16e1ff4b2d99a2931452dcc9cfd788dc8fe513f3d38551e", "f5b93248552c9e7198558776da21c9157d3f70649905d7fdc083c2ab2fbc6088"]
importlib-metadata = ["06f5b3a99029c7134207dd882428a66992a9de2bef7c2b699b5641f9886c3302", "b97607a1a18a5100839aec1dc26a1ea17ee0d93b20b0f008d80a5a050afb200b"]
loguru = ["074b3caa6748452c1e4f2b302093c94b65d5a4c5a4d7743636b4121e06437b0e", "a6101fd435ac89ba5205a105a26a6ede9e4ddbb4408a6e167852efca47806d11"]
mnemonic = ["4e37eb02b2cbd56a0079cabe58a6da93e60e3e4d6e757a586d9f23d96abea931", "a8d78c5100acfa7df9bab6b9db7390831b0e54490934b718ff9efd68f0d731a6"]
more-itertools = ["5dd8bcf33e5f9513ffa06d5ad33d78f31e1931ac9a18f33d37e77a180d393a7c", "b1ddb932186d8a6ac451e1d95844b382f55e12686d51ca0c68b6f61f2ab7a507"]
netstruct = ["70b6a5c73f5bbc7ab57b019369642adfb34dd8af41b948c400ce95f952b7df9a"]
parameterized = ["6a94dbea30c6abde99fd4c2f2042c1bf7f980e48908bf92ead62394f93cf57ed", "ea0326ba5bbbe7c427329a27b75003410df07d1173ca254976f8f5a64922c322"]
pendulum = ["1cde6e3c6310fb882c98f373795f807cb2bd6af01f34d2857e6e283b5ee91e09", "485aef2089defee88607d37d5bc238934d0b90993d7bf9ceb36e481af41e9c66", "57801754e05f30e8a7e4d24734c9fad82c6c3ec489151555f0fc66bb32ba6d6d", "7ee344bc87cb425b04717b90d14ffde14c1dd64eaa73060b3772edcf57f3e866", "c460f4d8dc41ec3c4377ac1807678cd72fe5e973cc2943c104ffdeaac32dacb7", "d3078e007315a959989c41cee5cfd63cfeeca21dd3d8295f4bc24199489e9b6c"]
pluggy = ["15b2acde666561e1298d71b523007ed7364de07029219b604cf808bfa1c765b0", "966c145cd83c96502c3c3868f50408687b38434af77734af1e9ca461a4081d2d"]
ply = ["00c7c1aaa88358b9c765b6d3000c6eec0ba42abca5351b095321aef446081da3", "096f9b8350b65ebd2fd1346b12452efe5b9607f7482813ffca50c22722a807ce"]
py = ["5e27081401262157467ad6e7f851b7aa402c5852dbcb3dae06768434de5752aa", "c20fdd83a5dbc0af9efd622bee9a5564e278f6380fffcacc43ba6f43db2813b0"]
pyblake2 = ["3757f7ad709b0e1b2a6b3919fa79fe3261f166fc375cd521f2be480f8319dde9", "407e02c7f8f36fcec1b7aa114ddca0c1060c598142ea6f6759d03710b946a7e3", "4d47b4a2c1d292b1e460bde1dda4d13aa792ed2ed70fcc263b6bc24632c8e902", "5ccc7eb02edb82fafb8adbb90746af71460fbc29aa0f822526fc976dff83e93f", "8043267fbc0b2f3748c6920591cd0b8b5609dcce60c504c32858aa36206386f2", "982295a87907d50f4723db6bc724660da76b6547826d52160171d54f95b919ac", "baa2190bfe549e36163aa44664d4ee3a9080b236fc5d42f50dc6fd36bbdc749e", "c53417ee0bbe77db852d5fd1036749f03696ebc2265de359fe17418d800196c4", "fbc9fcde75713930bc2a91b149e97be2401f7c9c56d735b46a109210f58d7358"]
pycparser = ["2d475327684562c3a96cc71adf7dc8c4f0565175cf86b6d7a404ff4c771f15f0", "7582ad22678f0fcd81102833f60ef8d0e57288b6b5fb00323d101be910e35705"]
pysodium = ["1ebcd98d1680b13f947f7aedb5fb9dd59f7295611b6023fb8516ef0e31dc6a8c", "d70810792cc945a76bd5aa8726a49df272168acc814eb39613e7c29c47df8c6e"]
pytest = ["3f193df1cfe1d1609d4c583838bea3d532b18d6160fd3f55c9447fdca30848ec", "e246cf173c01169b9617fc07264b7b1316e78d7a650055235d6d897bc80d9660"]
pytest-cov = ["cc6742d8bac45070217169f5f72ceee1e0e55b0221f54bcf24845972d3a47f2b", "cdbdef4f870408ebdbfeb44e63e07eb18bb4619fae852f6e760645fa36172626"]
python-dateutil = ["73ebfe9dbf22e832286dafa60473e4cd239f8592f699aa5adaf10050e6e1823c", "75bb3f31ea686f1197762692a9ee6a7550b59fc6ca3a1f4b5d7e32fb98e2da2a"]
pytzdata = ["84c52b9a47d097fcd483f047a544979de6c3a86e94c845e3569e9f8acd0fa071", "fac06f7cdfa903188dc4848c655e4adaee67ee0f2fe08e7daf815cf2a761ee5e"]
pyyaml = ["059b2ee3194d718896c0ad077dd8c043e5e909d9180f387ce42012662a4946d6", "1cf708e2ac57f3aabc87405f04b86354f66799c8e62c28c5fc5f88b5521b2dbf", "24521fa2890642614558b492b473bee0ac1f8057a7263156b02e8b14c88ce6f5", "4fee71aa5bc6ed9d5f116327c04273e25ae31a3020386916905767ec4fc5317e", "70024e02197337533eef7b85b068212420f950319cc8c580261963aefc75f811", "74782fbd4d4f87ff04159e986886931456a1894c61229be9eaf4de6f6e44b99e", "940532b111b1952befd7db542c370887a8611660d2b9becff75d39355303d82d", "cb1f2f5e426dc9f07a7681419fe39cee823bb74f723f36f70399123f439e9b20", "dbbb2379c19ed6042e8f11f2a2c66d39cceb8aeace421bfc29d085d93eda3689", "e3a057b7a64f1222b56e47bcff5e4b94c4f61faac04c7c4ecb1985e18caa3994", "e9f45bd5b92c7974e59bcd2dcc8631a6b6cc380a904725fce7bc08872e691615"]
requests = ["43999036bfa82904b6af1d99e4882b560e5e2c68e5c4b0aa03b655f3d7d73fee", "b3f43d496c6daba4493e7c431722aeb7dbc6288f52a6e04e7b6023b0247817e6"]
secp256k1 = ["29521dda0f3ad51afc26141d9a564b40bb39e84d27046164c502774b22ea2f9c", "2ad20bb8553425be795ecaf6641a510470701fa6a7aa9c54395d3989c070ab4c", "5cded8e5d241dd92f6e55fd7462ff74e4edcbe97850b7bf4378cc56e48e446d7", "a3b43e02d321c09eafa769a6fc2c156f555cab3a7db62175ef2fd21e16cdf20c", "a598f2223ed3bf55bb7e317c5ebd1a316b3b4d65db26de32554bb84adf026eae", "a755c85947b70c69cf318412bfd12889863e70ddf76b588701835a4da5322d55", "df29091e6ac74bb0683a44d57411bd59c6c99d04d79ef4e396e4a67d91f6bd65", "e86eab58d0c2e93c08483c8a8546fe54ade8150ff4a1f320417d647635cb133b", "e9842fdc3b24c3174f49794d93b10b2013aa7b5d7029d12989458482c95ee56a"]
simplejson = ["0fe3994207485efb63d8f10a833ff31236ed27e3b23dadd0bf51c9900313f8f2", "17163e643dbf125bb552de17c826b0161c68c970335d270e174363d19e7ea882", "1d1e929cdd15151f3c0b2efe953b3281b2fd5ad5f234f77aca725f28486466f6", "1d346c2c1d7dd79c118f0cc7ec5a1c4127e0c8ffc83e7b13fc5709ff78c9bb84", "1ea59f570b9d4916ae5540a9181f9c978e16863383738b69a70363bc5e63c4cb", "1fbba86098bbfc1f85c5b69dc9a6d009055104354e0d9880bb00b692e30e0078", "229edb079d5dd81bf12da952d4d825bd68d1241381b37d3acf961b384c9934de", "22a7acb81968a7c64eba7526af2cf566e7e2ded1cb5c83f0906b17ff1540f866", "2b4b2b738b3b99819a17feaf118265d0753d5536049ea570b3c43b51c4701e81", "4cf91aab51b02b3327c9d51897960c554f00891f9b31abd8a2f50fd4a0071ce8", "4fd5f79590694ebff8dc980708e1c182d41ce1fda599a12189f0ca96bf41ad70", "5cfd495527f8b85ce21db806567de52d98f5078a8e9427b18e251c68bd573a26", "60aad424e47c5803276e332b2a861ed7a0d46560e8af53790c4c4fb3420c26c2", "7739940d68b200877a15a5ff5149e1599737d6dd55e302625650629350466418", "7cce4bac7e0d66f3a080b80212c2238e063211fe327f98d764c6acbc214497fc", "8027bd5f1e633eb61b8239994e6fc3aba0346e76294beac22a892eb8faa92ba1", "86afc5b5cbd42d706efd33f280fec7bd7e2772ef54e3f34cf6b30777cd19a614", "87d349517b572964350cc1adc5a31b493bbcee284505e81637d0174b2758ba17", "8de378d589eccbc75941e480b4d5b4db66f22e4232f87543b136b1f093fff342", "926bcbef9eb60e798eabda9cd0bbcb0fca70d2779aa0aa56845749d973eb7ad5", "9a126c3a91df5b1403e965ba63b304a50b53d8efc908a8c71545ed72535374a3", "ad8dd3454d0c65c0f92945ac86f7b9efb67fa2040ba1b0189540e984df904378", "d140e9376e7f73c1f9e0a8e3836caf5eec57bbafd99259d56979da05a6356388", "da00675e5e483ead345429d4f1374ab8b949fba4429d60e71ee9d030ced64037", "daaf4d11db982791be74b23ff4729af2c7da79316de0bebf880fa2d60bcc8c5a", "f4b64a1031acf33e281fd9052336d6dad4d35eee3404c95431c8c6bc7a9c0588", "fc046afda0ed8f5295212068266c92991ab1f4a50c6a7144b69364bdee4a0159", "fc9051d249dd5512e541f20330a74592f7a65b2d62e18122ca89bf71f94db748"]
six = ["236bdbdce46e6e6a3d61a337c0f8b763ca1e8717c03b369e87a7ec7ce1319c0a", "8f3cd2e254d8f793e7f3d6d9df77b92252b52637291d0f0da013c76ea2724b6c"]
termcolor = ["1d6d69ce66211143803fbc56652b41d73b4a400a2891d7bf7a1cdf4c02de613b"]
tqdm = ["0d8b5afb66e23d80433102e9bd8b5c8b65d34c2a2255b2de58d97bd2ea8170fd", "f35fb121bafa030bd94e74fcfd44f3c2830039a2ddef7fc87ef1c2d205237b24"]
urllib3 = ["2f3db8b19923a873b3e5256dc9c2dedfa883e33d87c690d9c7913e1f40673cdc", "87716c2d2a7121198ebcb7ce7cccf6ce5e9ba539041cfbaeecfb641dc0bf6acc"]
win32-setctime = ["568fd636c68350bcc54755213fe01966fe0a6c90b386c0776425944a0382abef", "b47e5023ec7f0b4962950902b15bc56464a380d869f59d27dbf9ab423b23e8f9"]
zipp = ["aa36550ff0c0b7ef7fa639055d797116ee891440eac1a56f378e2d3179e0320b", "c599e4d75c98f6798c509911d08a22e6c021d074469042177c8c86fb92eefd96"]
