[[package]]
category = "main"
description = "Asyncio support for PEP-567 contextvars backport."
marker = "python_version < \"3.7\""
name = "aiocontextvars"
optional = false
python-versions = ">=3.5"
version = "0.2.2"

[package.dependencies]
[package.dependencies.contextvars]
python = "<3.7"
version = "2.4"

[[package]]
category = "main"
description = "A configurable sidebar-enabled Sphinx theme"
name = "alabaster"
optional = false
python-versions = "*"
version = "0.7.12"

[[package]]
category = "dev"
description = "Atomic file writes."
name = "atomicwrites"
optional = false
python-versions = ">=2.7, !=3.0.*, !=3.1.*, !=3.2.*, !=3.3.*"
version = "1.4.0"

[[package]]
category = "dev"
description = "Classes Without Boilerplate"
name = "attrs"
optional = false
python-versions = ">=2.7, !=3.0.*, !=3.1.*, !=3.2.*, !=3.3.*"
version = "19.3.0"

[[package]]
category = "main"
description = "Internationalization utilities"
name = "babel"
optional = false
python-versions = ">=2.7, !=3.0.*, !=3.1.*, !=3.2.*, !=3.3.*"
version = "2.8.0"

[package.dependencies]
pytz = ">=2015.7"

[[package]]
category = "main"
description = "Base58 and Base58Check implementation"
name = "base58"
optional = false
python-versions = "*"
version = "1.0.3"

[[package]]
category = "main"
description = "Python package for providing Mozilla's CA Bundle."
name = "certifi"
optional = false
python-versions = "*"
version = "2020.6.20"

[[package]]
category = "main"
description = "Foreign Function Interface for Python calling C code."
name = "cffi"
optional = false
python-versions = "*"
version = "1.14.1"

[package.dependencies]
pycparser = "*"

[[package]]
category = "main"
description = "Universal encoding detector for Python 2 and 3"
name = "chardet"
optional = false
python-versions = "*"
version = "3.0.4"

[[package]]
category = "main"
description = "Cross-platform colored terminal text."
marker = "sys_platform == \"win32\""
name = "colorama"
optional = false
python-versions = ">=2.7, !=3.0.*, !=3.1.*, !=3.2.*, !=3.3.*, !=3.4.*"
version = "0.4.3"

[[package]]
category = "main"
description = "PEP 567 Backport"
marker = "python_version < \"3.7\""
name = "contextvars"
optional = false
python-versions = "*"
version = "2.4"

[package.dependencies]
immutables = ">=0.9"

[[package]]
category = "dev"
description = "Code coverage measurement for Python"
name = "coverage"
optional = false
python-versions = ">=2.7, !=3.0.*, !=3.1.*, !=3.2.*, !=3.3.*, !=3.4.*, <4"
version = "5.2.1"

[[package]]
category = "main"
description = "Docutils -- Python Documentation Utilities"
name = "docutils"
optional = false
python-versions = ">=2.7, !=3.0.*, !=3.1.*, !=3.2.*, !=3.3.*, !=3.4.*"
version = "0.16"

[[package]]
category = "main"
description = "Fast elliptic curve digital signatures"
name = "fastecdsa"
optional = false
python-versions = "*"
version = "1.7.5"

[package.dependencies]
six = "*"

[[package]]
category = "main"
description = "A library for automatically generating command line interfaces."
name = "fire"
optional = false
python-versions = "*"
version = "0.3.1"

[package.dependencies]
six = "*"
termcolor = "*"

[[package]]
category = "main"
description = "Internationalized Domain Names in Applications (IDNA)"
name = "idna"
optional = false
python-versions = ">=2.7, !=3.0.*, !=3.1.*, !=3.2.*, !=3.3.*"
version = "2.10"

[[package]]
category = "main"
description = "Getting image size from png/jpeg/jpeg2000/gif file"
name = "imagesize"
optional = false
python-versions = ">=2.7, !=3.0.*, !=3.1.*, !=3.2.*, !=3.3.*"
version = "1.2.0"

[[package]]
category = "main"
description = "Immutable Collections"
marker = "python_version < \"3.7\""
name = "immutables"
optional = false
python-versions = ">=3.5"
version = "0.14"

[[package]]
category = "dev"
description = "Read metadata from Python packages"
marker = "python_version < \"3.8\""
name = "importlib-metadata"
optional = false
python-versions = "!=3.0.*,!=3.1.*,!=3.2.*,!=3.3.*,!=3.4.*,>=2.7"
version = "1.7.0"

[package.dependencies]
zipp = ">=0.5"

[[package]]
category = "main"
description = "A very fast and expressive template engine."
name = "jinja2"
optional = false
python-versions = ">=2.7, !=3.0.*, !=3.1.*, !=3.2.*, !=3.3.*, !=3.4.*"
version = "2.11.2"

[package.dependencies]
MarkupSafe = ">=0.23"

[[package]]
category = "main"
description = "Python logging made (stupidly) simple"
name = "loguru"
optional = false
python-versions = ">=3.5"
version = "0.5.1"

[package.dependencies]
colorama = ">=0.3.4"
win32-setctime = ">=1.0.0"

[package.dependencies.aiocontextvars]
python = "<3.7"
version = ">=0.2.0"

[[package]]
category = "main"
description = "Safely add untrusted strings to HTML/XML markup."
name = "markupsafe"
optional = false
python-versions = ">=2.7,!=3.0.*,!=3.1.*,!=3.2.*,!=3.3.*"
version = "1.1.1"

[[package]]
category = "main"
description = "Implementation of Bitcoin BIP-0039"
name = "mnemonic"
optional = false
python-versions = "*"
version = "0.19"

[[package]]
category = "dev"
description = "More routines for operating on iterables, beyond itertools"
name = "more-itertools"
optional = false
python-versions = ">=3.5"
version = "8.4.0"

[[package]]
category = "main"
description = "Packed binary data for networking."
name = "netstruct"
optional = false
python-versions = "*"
version = "1.1.2"

[[package]]
category = "main"
description = "Core utilities for Python packages"
name = "packaging"
optional = false
python-versions = ">=2.7, !=3.0.*, !=3.1.*, !=3.2.*, !=3.3.*"
version = "20.4"

[package.dependencies]
pyparsing = ">=2.0.2"
six = "*"

[[package]]
category = "dev"
description = "Parameterized testing with any Python test framework"
name = "parameterized"
optional = false
python-versions = "*"
version = "0.7.4"

[[package]]
category = "main"
description = "Python datetimes made easy"
name = "pendulum"
optional = false
python-versions = ">=2.7, !=3.0.*, !=3.1.*, !=3.2.*, !=3.3.*, !=3.4.*"
version = "2.1.2"

[package.dependencies]
python-dateutil = ">=2.6,<3.0"
pytzdata = ">=2020.1"

[[package]]
category = "dev"
description = "plugin and hook calling mechanisms for python"
name = "pluggy"
optional = false
python-versions = ">=2.7, !=3.0.*, !=3.1.*, !=3.2.*, !=3.3.*"
version = "0.13.1"

[package.dependencies]
[package.dependencies.importlib-metadata]
python = "<3.8"
version = ">=0.12"

[[package]]
category = "main"
description = "Python Lex & Yacc"
name = "ply"
optional = false
python-versions = "*"
version = "3.11"

[[package]]
category = "dev"
description = "library with cross-python path, ini-parsing, io, code, log facilities"
name = "py"
optional = false
python-versions = ">=2.7, !=3.0.*, !=3.1.*, !=3.2.*, !=3.3.*"
version = "1.9.0"

[[package]]
category = "main"
description = "BLAKE2 hash function extension module"
name = "pyblake2"
optional = false
python-versions = "*"
version = "1.1.2"

[[package]]
category = "main"
description = "C parser in Python"
name = "pycparser"
optional = false
python-versions = ">=2.7, !=3.0.*, !=3.1.*, !=3.2.*, !=3.3.*"
version = "2.20"

[[package]]
category = "main"
description = "Pygments is a syntax highlighting package written in Python."
name = "pygments"
optional = false
python-versions = ">=3.5"
version = "2.6.1"

[[package]]
category = "main"
description = "Python parsing module"
name = "pyparsing"
optional = false
python-versions = ">=2.6, !=3.0.*, !=3.1.*, !=3.2.*"
version = "2.4.7"

[[package]]
category = "main"
description = "python libsodium wrapper"
name = "pysodium"
optional = false
python-versions = "*"
version = "0.7.5"

[[package]]
category = "dev"
description = "pytest: simple powerful testing with Python"
name = "pytest"
optional = false
python-versions = ">=2.7, !=3.0.*, !=3.1.*, !=3.2.*, !=3.3.*"
version = "3.10.1"

[package.dependencies]
atomicwrites = ">=1.0"
attrs = ">=17.4.0"
colorama = "*"
more-itertools = ">=4.0.0"
pluggy = ">=0.7"
py = ">=1.5.0"
setuptools = "*"
six = ">=1.10.0"

[[package]]
category = "dev"
description = "Pytest plugin for measuring coverage."
name = "pytest-cov"
optional = false
python-versions = ">=2.7, !=3.0.*, !=3.1.*, !=3.2.*, !=3.3.*, !=3.4.*"
version = "2.9.0"

[package.dependencies]
coverage = ">=4.4"
pytest = ">=3.6"

[[package]]
category = "main"
description = "Extensions to the standard Python datetime module"
name = "python-dateutil"
optional = false
python-versions = "!=3.0.*,!=3.1.*,!=3.2.*,>=2.7"
version = "2.8.1"

[package.dependencies]
six = ">=1.5"

[[package]]
category = "main"
description = "World timezone definitions, modern and historical"
name = "pytz"
optional = false
python-versions = "*"
version = "2020.1"

[[package]]
category = "main"
description = "The Olson timezone database for Python."
name = "pytzdata"
optional = false
python-versions = ">=2.7, !=3.0.*, !=3.1.*, !=3.2.*, !=3.3.*"
version = "2020.1"

[[package]]
category = "main"
description = "YAML parser and emitter for Python"
name = "pyyaml"
optional = false
python-versions = ">=2.7, !=3.0.*, !=3.1.*, !=3.2.*, !=3.3.*, !=3.4.*"
version = "5.3.1"

[[package]]
category = "main"
description = "Python HTTP for Humans."
name = "requests"
optional = false
python-versions = ">=2.7, !=3.0.*, !=3.1.*, !=3.2.*, !=3.3.*, !=3.4.*"
version = "2.24.0"

[package.dependencies]
certifi = ">=2017.4.17"
chardet = ">=3.0.2,<4"
idna = ">=2.5,<3"
urllib3 = ">=1.21.1,<1.25.0 || >1.25.0,<1.25.1 || >1.25.1,<1.26"

[[package]]
category = "main"
description = "FFI bindings to libsecp256k1"
name = "secp256k1"
optional = false
python-versions = "*"
version = "0.13.2"

[package.dependencies]
cffi = ">=1.3.0"

[[package]]
category = "main"
description = "Simple, fast, extensible JSON encoder/decoder for Python"
name = "simplejson"
optional = false
python-versions = ">=2.5, !=3.0.*, !=3.1.*, !=3.2.*"
version = "3.17.2"

[[package]]
category = "main"
description = "Python 2 and 3 compatibility utilities"
name = "six"
optional = false
python-versions = ">=2.7, !=3.0.*, !=3.1.*, !=3.2.*"
version = "1.15.0"

[[package]]
category = "main"
description = "This package provides 26 stemmers for 25 languages generated from Snowball algorithms."
name = "snowballstemmer"
optional = false
python-versions = "*"
version = "2.0.0"

[[package]]
category = "main"
description = "Python documentation generator"
name = "sphinx"
optional = false
python-versions = ">=3.5"
version = "3.2.0"

[package.dependencies]
Jinja2 = ">=2.3"
Pygments = ">=2.0"
alabaster = ">=0.7,<0.8"
babel = ">=1.3"
colorama = ">=0.3.5"
docutils = ">=0.12"
imagesize = "*"
packaging = "*"
requests = ">=2.5.0"
setuptools = "*"
snowballstemmer = ">=1.1"
sphinxcontrib-applehelp = "*"
sphinxcontrib-devhelp = "*"
sphinxcontrib-htmlhelp = "*"
sphinxcontrib-jsmath = "*"
sphinxcontrib-qthelp = "*"
sphinxcontrib-serializinghtml = "*"

[[package]]
category = "main"
description = "Read the Docs theme for Sphinx"
name = "sphinx-rtd-theme"
optional = false
python-versions = "*"
version = "0.5.0rc2"

[package.dependencies]
sphinx = "*"

[package.source]
reference = "0.5.0rc2"
type = "git"
url = "https://github.com/readthedocs/sphinx_rtd_theme.git"
[[package]]
category = "dev"
description = "Sitemap generator for Sphinx"
name = "sphinx-sitemap"
optional = false
python-versions = "*"
version = "2.2.0"

[package.dependencies]
six = "*"
sphinx = ">=1.2"

[[package]]
category = "main"
description = "sphinxcontrib-applehelp is a sphinx extension which outputs Apple help books"
name = "sphinxcontrib-applehelp"
optional = false
python-versions = ">=3.5"
version = "1.0.2"

[[package]]
category = "main"
description = "sphinxcontrib-devhelp is a sphinx extension which outputs Devhelp document."
name = "sphinxcontrib-devhelp"
optional = false
python-versions = ">=3.5"
version = "1.0.2"

[[package]]
category = "dev"
description = "Sphinx extension googleanalytics"
name = "sphinxcontrib-googleanalytics"
optional = false
python-versions = "*"
version = "0.1"

[package.dependencies]
Sphinx = ">=0.6"

[[package]]
category = "main"
description = "sphinxcontrib-htmlhelp is a sphinx extension which renders HTML help files"
name = "sphinxcontrib-htmlhelp"
optional = false
python-versions = ">=3.5"
version = "1.0.3"

[[package]]
category = "main"
description = "A sphinx extension which renders display math in HTML via JavaScript"
name = "sphinxcontrib-jsmath"
optional = false
python-versions = ">=3.5"
version = "1.0.1"

[[package]]
category = "main"
description = "sphinxcontrib-qthelp is a sphinx extension which outputs QtHelp document."
name = "sphinxcontrib-qthelp"
optional = false
python-versions = ">=3.5"
version = "1.0.3"

[[package]]
category = "main"
description = "sphinxcontrib-serializinghtml is a sphinx extension which outputs \"serialized\" HTML files (json and pickle)."
name = "sphinxcontrib-serializinghtml"
optional = false
python-versions = ">=3.5"
version = "1.1.4"

[[package]]
category = "main"
description = "ANSII Color formatting for output in terminal."
name = "termcolor"
optional = false
python-versions = "*"
version = "1.1.0"

[[package]]
category = "main"
description = "Fast, Extensible Progress Meter"
name = "tqdm"
optional = false
python-versions = ">=2.6, !=3.0.*, !=3.1.*"
version = "4.48.2"

[[package]]
category = "main"
description = "HTTP library with thread-safe connection pooling, file post, and more."
name = "urllib3"
optional = false
python-versions = ">=2.7, !=3.0.*, !=3.1.*, !=3.2.*, !=3.3.*, !=3.4.*, <4"
version = "1.25.10"

[[package]]
category = "main"
description = "A small Python utility to set file creation time on Windows"
marker = "sys_platform == \"win32\""
name = "win32-setctime"
optional = false
python-versions = ">=3.5"
version = "1.0.1"

[[package]]
category = "dev"
description = "Backport of pathlib-compatible object wrapper for zip files"
marker = "python_version < \"3.8\""
name = "zipp"
optional = false
python-versions = ">=3.6"
version = "3.1.0"

[metadata]
content-hash = "dc48dc8f44462e1af7a09655a642f18b662be956bbbfaabae1995a8055c15ba5"
python-versions = "^3.6"

[metadata.hashes]
aiocontextvars = ["885daf8261818767d8f7cbd79f9d4482d118f024b6586ef6e67980236a27bfa3", "f027372dc48641f683c559f247bd84962becaacdc9ba711d583c3871fb5652aa"]
alabaster = ["446438bdcca0e05bd45ea2de1668c1d9b032e1a9154c2c259092d77031ddd359", "a661d72d58e6ea8a57f7a86e37d86716863ee5e92788398526d58b26a4e4dc02"]
atomicwrites = ["6d1784dea7c0c8d4a5172b6c620f40b6e4cbfdf96d783691f2e1302a7b88e197", "ae70396ad1a434f9c7046fd2dd196fc04b12f9e91ffb859164193be8b6168a7a"]
attrs = ["08a96c641c3a74e44eb59afb61a24f2cb9f4d7188748e76ba4bb5edfa3cb7d1c", "f7b7ce16570fe9965acd6d30101a28f62fb4a7f9e926b3bbc9b61f8b04247e72"]
babel = ["1aac2ae2d0d8ea368fa90906567f5c08463d98ade155c0c4bfedd6a0f7160e38", "d670ea0b10f8b723672d3a6abeb87b565b244da220d76b4dba1b66269ec152d4"]
base58 = ["1e42993c0628ed4f898c03b522b26af78fb05115732549b21a028bc4633d19ab", "6aa0553e477478993588303c54659d15e3c17ae062508c854a8b752d07c716bd", "9a793c599979c497800eb414c852b80866f28daaed5494703fc129592cc83e60"]
certifi = ["5930595817496dd21bb8dc35dad090f1c2cd0adfaf21204bf6732ca5d8ee34d3", "8fc0819f1f30ba15bdb34cceffb9ef04d99f420f68eb75d901e9560b8749fc41"]
cffi = ["267adcf6e68d77ba154334a3e4fc921b8e63cbb38ca00d33d40655d4228502bc", "26f33e8f6a70c255767e3c3f957ccafc7f1f706b966e110b855bfe944511f1f9", "3cd2c044517f38d1b577f05927fb9729d3396f1d44d0c659a445599e79519792", "4a03416915b82b81af5502459a8a9dd62a3c299b295dcdf470877cb948d655f2", "4ce1e995aeecf7cc32380bc11598bfdfa017d592259d5da00fc7ded11e61d022", "4f53e4128c81ca3212ff4cf097c797ab44646a40b42ec02a891155cd7a2ba4d8", "4fa72a52a906425416f41738728268072d5acfd48cbe7796af07a923236bcf96", "66dd45eb9530e3dde8f7c009f84568bc7cac489b93d04ac86e3111fb46e470c2", "6923d077d9ae9e8bacbdb1c07ae78405a9306c8fd1af13bfa06ca891095eb995", "833401b15de1bb92791d7b6fb353d4af60dc688eaa521bd97203dcd2d124a7c1", "8416ed88ddc057bab0526d4e4e9f3660f614ac2394b5e019a628cdfff3733849", "892daa86384994fdf4856cb43c93f40cbe80f7f95bb5da94971b39c7f54b3a9c", "98be759efdb5e5fa161e46d404f4e0ce388e72fbf7d9baf010aff16689e22abe", "a6d28e7f14ecf3b2ad67c4f106841218c8ab12a0683b1528534a6c87d2307af3", "b1d6ebc891607e71fd9da71688fcf332a6630b7f5b7f5549e6e631821c0e5d90", "b2a2b0d276a136146e012154baefaea2758ef1f56ae9f4e01c612b0831e0bd2f", "b87dfa9f10a470eee7f24234a37d1d5f51e5f5fa9eeffda7c282e2b8f5162eb1", "bac0d6f7728a9cc3c1e06d4fcbac12aaa70e9379b3025b27ec1226f0e2d404cf", "c991112622baee0ae4d55c008380c32ecfd0ad417bcd0417ba432e6ba7328caa", "cda422d54ee7905bfc53ee6915ab68fe7b230cacf581110df4272ee10462aadc", "d3148b6ba3923c5850ea197a91a42683f946dba7e8eb82dfa211ab7e708de939", "d6033b4ffa34ef70f0b8086fd4c3df4bf801fee485a8a7d4519399818351aa8e", "ddff0b2bd7edcc8c82d1adde6dbbf5e60d57ce985402541cd2985c27f7bec2a0", "e23cb7f1d8e0f93addf0cae3c5b6f00324cccb4a7949ee558d7b6ca973ab8ae9", "effd2ba52cee4ceff1a77f20d2a9f9bf8d50353c854a282b8760ac15b9833168", "f90c2267101010de42f7273c94a1f026e56cbc043f9330acd8a80e64300aba33", "f960375e9823ae6a07072ff7f8a85954e5a6434f97869f50d0e41649a1c8144f", "fcf32bf76dc25e30ed793145a57426064520890d7c02866eb93d3e4abe516948"]
chardet = ["84ab92ed1c4d4f16916e05906b6b75a6c0fb5db821cc65e70cbd64a3e2a5eaae", "fc323ffcaeaed0e0a02bf4d117757b98aed530d9ed4531e3e15460124c106691"]
colorama = ["7d73d2a99753107a36ac6b455ee49046802e59d9d076ef8e47b61499fa29afff", "e96da0d330793e2cb9485e9ddfd918d456036c7149416295932478192f4436a1"]
contextvars = ["f38c908aaa59c14335eeea12abea5f443646216c4e29380d7bf34d2018e2c39e"]
coverage = ["098a703d913be6fbd146a8c50cc76513d726b022d170e5e98dc56d958fd592fb", "16042dc7f8e632e0dcd5206a5095ebd18cb1d005f4c89694f7f8aafd96dd43a3", "1adb6be0dcef0cf9434619d3b892772fdb48e793300f9d762e480e043bd8e716", "27ca5a2bc04d68f0776f2cdcb8bbd508bbe430a7bf9c02315cd05fb1d86d0034", "28f42dc5172ebdc32622a2c3f7ead1b836cdbf253569ae5673f499e35db0bac3", "2fcc8b58953d74d199a1a4d633df8146f0ac36c4e720b4a1997e9b6327af43a8", "304fbe451698373dc6653772c72c5d5e883a4aadaf20343592a7abb2e643dae0", "30bc103587e0d3df9e52cd9da1dd915265a22fad0b72afe54daf840c984b564f", "40f70f81be4d34f8d491e55936904db5c527b0711b2a46513641a5729783c2e4", "4186fc95c9febeab5681bc3248553d5ec8c2999b8424d4fc3a39c9cba5796962", "46794c815e56f1431c66d81943fa90721bb858375fb36e5903697d5eef88627d", "4869ab1c1ed33953bb2433ce7b894a28d724b7aa76c19b11e2878034a4e4680b", "4f6428b55d2916a69f8d6453e48a505c07b2245653b0aa9f0dee38785939f5e4", "52f185ffd3291196dc1aae506b42e178a592b0b60a8610b108e6ad892cfc1bb3", "538f2fd5eb64366f37c97fdb3077d665fa946d2b6d95447622292f38407f9258", "64c4f340338c68c463f1b56e3f2f0423f7b17ba6c3febae80b81f0e093077f59", "675192fca634f0df69af3493a48224f211f8db4e84452b08d5fcebb9167adb01", "700997b77cfab016533b3e7dbc03b71d33ee4df1d79f2463a318ca0263fc29dd", "8505e614c983834239f865da2dd336dcf9d72776b951d5dfa5ac36b987726e1b", "962c44070c281d86398aeb8f64e1bf37816a4dfc6f4c0f114756b14fc575621d", "9e536783a5acee79a9b308be97d3952b662748c4037b6a24cbb339dc7ed8eb89", "9ea749fd447ce7fb1ac71f7616371f04054d969d412d37611716721931e36efd", "a34cb28e0747ea15e82d13e14de606747e9e484fb28d63c999483f5d5188e89b", "a3ee9c793ffefe2944d3a2bd928a0e436cd0ac2d9e3723152d6fd5398838ce7d", "aab75d99f3f2874733946a7648ce87a50019eb90baef931698f96b76b6769a46", "b1ed2bdb27b4c9fc87058a1cb751c4df8752002143ed393899edb82b131e0546", "b360d8fd88d2bad01cb953d81fd2edd4be539df7bfec41e8753fe9f4456a5082", "b8f58c7db64d8f27078cbf2a4391af6aa4e4767cc08b37555c4ae064b8558d9b", "c1bbb628ed5192124889b51204de27c575b3ffc05a5a91307e7640eff1d48da4", "c2ff24df02a125b7b346c4c9078c8936da06964cc2d276292c357d64378158f8", "c890728a93fffd0407d7d37c1e6083ff3f9f211c83b4316fae3778417eab9811", "c96472b8ca5dc135fb0aa62f79b033f02aa434fb03a8b190600a5ae4102df1fd", "ce7866f29d3025b5b34c2e944e66ebef0d92e4a4f2463f7266daa03a1332a651", "e26c993bd4b220429d4ec8c1468eca445a4064a61c74ca08da7429af9bc53bb0"]
docutils = ["0c5b78adfbf7762415433f5515cd5c9e762339e23369dbe8000d84a4bf4ab3af", "c2de3a60e9e7d07be26b7f2b00ca0309c207e06c100f9cc2a94931fc75a478fc"]
fastecdsa = ["0ac46a3a5a116eea4847d1560234057ecac812d5deb12ff76d98dd15ad6dab12", "4fed79ab9b15f47419c697f97d976a9ffaf648294605dd0ea4a038dbf23c88b4", "bd3b7808cc2bea1e8b3c4dd5928ecfc14072403ab2a47580a7a8350800e6fedd"]
fire = ["9736a16227c3d469e5d2d296bce5b4d8fa8d7851e953bda327a455fc2994307f"]
idna = ["b307872f855b18632ce0c21c5e45be78c0ea7ae4c15c828c20788b26921eb3f6", "b97d804b1e9b523befed77c48dacec60e6dcb0b5391d57af6a65a312a90648c0"]
imagesize = ["6965f19a6a2039c7d48bca7dba2473069ff854c36ae6f19d2cde309d998228a1", "b1f6b5a4eab1f73479a50fb79fcf729514a900c341d8503d62a62dbc4127a2b1"]
immutables = ["1c11050c49e193a1ec9dda1747285333f6ba6a30bbeb2929000b9b1192097ec0", "33ce2f977da7b5e0dddd93744862404bdb316ffe5853ec853e53141508fa2e6a", "6c8eace4d98988c72bcb37c05e79aae756832738305ae9497670482a82db08bc", "714aedbdeba4439d91cb5e5735cb10631fc47a7a69ea9cc8ecbac90322d50a4a", "860666fab142401a5535bf65cbd607b46bc5ed25b9d1eb053ca8ed9a1a1a80d6", "8797eed4042f4626b0bc04d9cf134208918eb0c937a8193a2c66df5041e62d2e", "a0a1cc238b678455145bae291d8426f732f5255537ed6a5b7645949704c70a78", "ab6c18b7b2b2abc83e0edc57b0a38bf0915b271582a1eb8c7bed1c20398f8040", "c099212fd6504513a50e7369fe281007c820cf9d7bb22a336486c63d77d6f0b2", "c453e12b95e1d6bb4909e8743f88b7f5c0c97b86a8bc0d73507091cb644e3c1e", "ce01788878827c3f0331c254a4ad8d9721489a5e65cc43e19c80040b46e0d297", "ef9da20ec0f1c5853b5c8f8e3d9e1e15b8d98c259de4b7515d789a606af8745e"]
importlib-metadata = ["90bb658cdbbf6d1735b6341ce708fc7024a3e14e99ffdc5783edea9f9b077f83", "dc15b2969b4ce36305c51eebe62d418ac7791e9a157911d58bfb1f9ccd8e2070"]
jinja2 = ["89aab215427ef59c34ad58735269eb58b1a5808103067f7bb9d5836c651b3bb0", "f0a4641d3cf955324a89c04f3d94663aa4d638abe8f733ecd3582848e1c37035"]
loguru = ["70201d5fce26da89b7a5f168caa2bb674e06b969829f56737db1d6472e53e7c3", "e5d362a43cd2fc2da63551d79a6830619c4d5b3a8b976515748026f92f351b61"]
markupsafe = ["00bc623926325b26bb9605ae9eae8a215691f33cae5df11ca5424f06f2d1f473", "09027a7803a62ca78792ad89403b1b7a73a01c8cb65909cd876f7fcebd79b161", "09c4b7f37d6c648cb13f9230d847adf22f8171b1ccc4d5682398e77f40309235", "1027c282dad077d0bae18be6794e6b6b8c91d58ed8a8d89a89d59693b9131db5", "13d3144e1e340870b25e7b10b98d779608c02016d5184cfb9927a9f10c689f42", "24982cc2533820871eba85ba648cd53d8623687ff11cbb805be4ff7b4c971aff", "29872e92839765e546828bb7754a68c418d927cd064fd4708fab9fe9c8bb116b", "43a55c2930bbc139570ac2452adf3d70cdbb3cfe5912c71cdce1c2c6bbd9c5d1", "46c99d2de99945ec5cb54f23c8cd5689f6d7177305ebff350a58ce5f8de1669e", "500d4957e52ddc3351cabf489e79c91c17f6e0899158447047588650b5e69183", "535f6fc4d397c1563d08b88e485c3496cf5784e927af890fb3c3aac7f933ec66", "596510de112c685489095da617b5bcbbac7dd6384aeebeda4df6025d0256a81b", "62fe6c95e3ec8a7fad637b7f3d372c15ec1caa01ab47926cfdf7a75b40e0eac1", "6788b695d50a51edb699cb55e35487e430fa21f1ed838122d722e0ff0ac5ba15", "6dd73240d2af64df90aa7c4e7481e23825ea70af4b4922f8ede5b9e35f78a3b1", "717ba8fe3ae9cc0006d7c451f0bb265ee07739daf76355d06366154ee68d221e", "79855e1c5b8da654cf486b830bd42c06e8780cea587384cf6545b7d9ac013a0b", "7c1699dfe0cf8ff607dbdcc1e9b9af1755371f92a68f706051cc8c37d447c905", "88e5fcfb52ee7b911e8bb6d6aa2fd21fbecc674eadd44118a9cc3863f938e735", "8defac2f2ccd6805ebf65f5eeb132adcf2ab57aa11fdf4c0dd5169a004710e7d", "98c7086708b163d425c67c7a91bad6e466bb99d797aa64f965e9d25c12111a5e", "9add70b36c5666a2ed02b43b335fe19002ee5235efd4b8a89bfcf9005bebac0d", "9bf40443012702a1d2070043cb6291650a0841ece432556f784f004937f0f32c", "ade5e387d2ad0d7ebf59146cc00c8044acbd863725f887353a10df825fc8ae21", "b00c1de48212e4cc9603895652c5c410df699856a2853135b3967591e4beebc2", "b1282f8c00509d99fef04d8ba936b156d419be841854fe901d8ae224c59f0be5", "b2051432115498d3562c084a49bba65d97cf251f5a331c64a12ee7e04dacc51b", "ba59edeaa2fc6114428f1637ffff42da1e311e29382d81b339c1817d37ec93c6", "c8716a48d94b06bb3b2524c2b77e055fb313aeb4ea620c8dd03a105574ba704f", "cd5df75523866410809ca100dc9681e301e3c27567cf498077e8551b6d20e42f", "cdb132fc825c38e1aeec2c8aa9338310d29d337bebbd7baa06889d09a60a1fa2", "e249096428b3ae81b08327a63a485ad0878de3fb939049038579ac0ef61e17e7", "e8313f01ba26fbbe36c7be1966a7b7424942f670f38e666995b88d012765b9be"]
mnemonic = ["4e37eb02b2cbd56a0079cabe58a6da93e60e3e4d6e757a586d9f23d96abea931", "a8d78c5100acfa7df9bab6b9db7390831b0e54490934b718ff9efd68f0d731a6"]
more-itertools = ["68c70cc7167bdf5c7c9d8f6954a7837089c6a36bf565383919bb595efb8a17e5", "b78134b2063dd214000685165d81c154522c3ee0a1c0d4d113c80361c234c5a2"]
netstruct = ["70b6a5c73f5bbc7ab57b019369642adfb34dd8af41b948c400ce95f952b7df9a"]
packaging = ["4357f74f47b9c12db93624a82154e9b120fa8293699949152b22065d556079f8", "998416ba6962ae7fbd6596850b80e17859a5753ba17c32284f67bfff33784181"]
parameterized = ["190f8cc7230eee0b56b30d7f074fd4d165f7c45e6077582d0813c8557e738490", "59ab908e31c01505a987a2be78854e19cb1630c047bbab7848169c371d614d56"]
pendulum = ["0731f0c661a3cb779d398803655494893c9f581f6488048b3fb629c2342b5394", "1245cd0075a3c6d889f581f6325dd8404aca5884dea7223a5566c38aab94642b", "29c40a6f2942376185728c9a0347d7c0f07905638c83007e1d262781f1e6953a", "2d1619a721df661e506eff8db8614016f0720ac171fe80dda1333ee44e684087", "318f72f62e8e23cd6660dbafe1e346950281a9aed144b5c596b2ddabc1d19739", "33fb61601083f3eb1d15edeb45274f73c63b3c44a8524703dc143f4212bf3269", "3481fad1dc3f6f6738bd575a951d3c15d4b4ce7c82dce37cf8ac1483fde6e8b0", "4c9c689747f39d0d02a9f94fcee737b34a5773803a64a5fdb046ee9cac7442c5", "7c5ec650cb4bec4c63a89a0242cc8c3cebcec92fcfe937c417ba18277d8560be", "94b1fc947bfe38579b28e1cccb36f7e28a15e841f30384b5ad6c5e31055c85d7", "9702069c694306297ed362ce7e3c1ef8404ac8ede39f9b28b7c1a7ad8c3959e3", "b06a0ca1bfe41c990bbf0c029f0b6501a7f2ec4e38bfec730712015e8860f207", "b6c352f4bd32dff1ea7066bd31ad0f71f8d8100b9ff709fb343f3b86cee43efe", "c501749fdd3d6f9e726086bf0cd4437281ed47e7bca132ddb522f86a1645d360", "c807a578a532eeb226150d5006f156632df2cc8c5693d778324b43ff8c515dd0", "db0a40d8bcd27b4fb46676e8eb3c732c67a5a5e6bfab8927028224fbced0b40b", "de42ea3e2943171a9e95141f2eecf972480636e8e484ccffaf1e833929e9e052", "e95d329384717c7bf627bf27e204bc3b15c8238fa8d9d9781d93712776c14002", "f5e236e7730cab1644e1b87aca3d2ff3e375a608542e90fe25685dae46310116", "f888f2d2909a414680a29ae74d0592758f2b9fcdee3549887779cd4055e975db", "fb53ffa0085002ddd43b6ca61a7b34f2d4d7c3ed66f931fe599e1a531b42af9b"]
pluggy = ["15b2acde666561e1298d71b523007ed7364de07029219b604cf808bfa1c765b0", "966c145cd83c96502c3c3868f50408687b38434af77734af1e9ca461a4081d2d"]
ply = ["00c7c1aaa88358b9c765b6d3000c6eec0ba42abca5351b095321aef446081da3", "096f9b8350b65ebd2fd1346b12452efe5b9607f7482813ffca50c22722a807ce"]
py = ["366389d1db726cd2fcfc79732e75410e5fe4d31db13692115529d34069a043c2", "9ca6883ce56b4e8da7e79ac18787889fa5206c79dcc67fb065376cd2fe03f342"]
pyblake2 = ["3757f7ad709b0e1b2a6b3919fa79fe3261f166fc375cd521f2be480f8319dde9", "407e02c7f8f36fcec1b7aa114ddca0c1060c598142ea6f6759d03710b946a7e3", "4d47b4a2c1d292b1e460bde1dda4d13aa792ed2ed70fcc263b6bc24632c8e902", "5ccc7eb02edb82fafb8adbb90746af71460fbc29aa0f822526fc976dff83e93f", "8043267fbc0b2f3748c6920591cd0b8b5609dcce60c504c32858aa36206386f2", "982295a87907d50f4723db6bc724660da76b6547826d52160171d54f95b919ac", "baa2190bfe549e36163aa44664d4ee3a9080b236fc5d42f50dc6fd36bbdc749e", "c53417ee0bbe77db852d5fd1036749f03696ebc2265de359fe17418d800196c4", "fbc9fcde75713930bc2a91b149e97be2401f7c9c56d735b46a109210f58d7358"]
pycparser = ["2d475327684562c3a96cc71adf7dc8c4f0565175cf86b6d7a404ff4c771f15f0", "7582ad22678f0fcd81102833f60ef8d0e57288b6b5fb00323d101be910e35705"]
pygments = ["647344a061c249a3b74e230c739f434d7ea4d8b1d5f3721bc0f3558049b38f44", "ff7a40b4860b727ab48fad6360eb351cc1b33cbf9b15a0f689ca5353e9463324"]
pyparsing = ["c203ec8783bf771a155b207279b9bccb8dea02d8f0c9e5f8ead507bc3246ecc1", "ef9d7589ef3c200abe66653d3f1ab1033c3c419ae9b9bdb1240a85b024efc88b"]
pysodium = ["1ebcd98d1680b13f947f7aedb5fb9dd59f7295611b6023fb8516ef0e31dc6a8c", "d70810792cc945a76bd5aa8726a49df272168acc814eb39613e7c29c47df8c6e"]
pytest = ["3f193df1cfe1d1609d4c583838bea3d532b18d6160fd3f55c9447fdca30848ec", "e246cf173c01169b9617fc07264b7b1316e78d7a650055235d6d897bc80d9660"]
pytest-cov = ["b6a814b8ed6247bd81ff47f038511b57fe1ce7f4cc25b9106f1a4b106f1d9322", "c87dfd8465d865655a8213859f1b4749b43448b5fae465cb981e16d52a811424"]
python-dateutil = ["73ebfe9dbf22e832286dafa60473e4cd239f8592f699aa5adaf10050e6e1823c", "75bb3f31ea686f1197762692a9ee6a7550b59fc6ca3a1f4b5d7e32fb98e2da2a"]
pytz = ["a494d53b6d39c3c6e44c3bec237336e14305e4f29bbf800b599253057fbb79ed", "c35965d010ce31b23eeb663ed3cc8c906275d6be1a34393a1d73a41febf4a048"]
pytzdata = ["3efa13b335a00a8de1d345ae41ec78dd11c9f8807f522d39850f2dd828681540", "e1e14750bcf95016381e4d472bad004eef710f2d6417240904070b3d6654485f"]
pyyaml = ["06a0d7ba600ce0b2d2fe2e78453a470b5a6e000a985dd4a4e54e436cc36b0e97", "240097ff019d7c70a4922b6869d8a86407758333f02203e0fc6ff79c5dcede76", "4f4b913ca1a7319b33cfb1369e91e50354d6f07a135f3b901aca02aa95940bd2", "69f00dca373f240f842b2931fb2c7e14ddbacd1397d57157a9b005a6a9942648", "73f099454b799e05e5ab51423c7bcf361c58d3206fa7b0d555426b1f4d9a3eaf", "74809a57b329d6cc0fdccee6318f44b9b8649961fa73144a98735b0aaf029f1f", "7739fc0fa8205b3ee8808aea45e968bc90082c10aef6ea95e855e10abf4a37b2", "95f71d2af0ff4227885f7a6605c37fd53d3a106fcab511b8860ecca9fcf400ee", "b8eac752c5e14d3eca0e6dd9199cd627518cb5ec06add0de9d32baeee6fe645d", "cc8955cfbfc7a115fa81d85284ee61147059a753344bc51098f3ccd69b0d7e0c", "d13155f591e6fcc1ec3b30685d50bf0711574e2c0dfffd7644babf8b5102ca1a"]
requests = ["b3559a131db72c33ee969480840fff4bb6dd111de7dd27c8ee1f820f4f00231b", "fe75cc94a9443b9246fc7049224f75604b113c36acb93f87b80ed42c44cbb898"]
secp256k1 = ["29521dda0f3ad51afc26141d9a564b40bb39e84d27046164c502774b22ea2f9c", "2ad20bb8553425be795ecaf6641a510470701fa6a7aa9c54395d3989c070ab4c", "5cded8e5d241dd92f6e55fd7462ff74e4edcbe97850b7bf4378cc56e48e446d7", "a3b43e02d321c09eafa769a6fc2c156f555cab3a7db62175ef2fd21e16cdf20c", "a598f2223ed3bf55bb7e317c5ebd1a316b3b4d65db26de32554bb84adf026eae", "a755c85947b70c69cf318412bfd12889863e70ddf76b588701835a4da5322d55", "df29091e6ac74bb0683a44d57411bd59c6c99d04d79ef4e396e4a67d91f6bd65", "e86eab58d0c2e93c08483c8a8546fe54ade8150ff4a1f320417d647635cb133b", "e9842fdc3b24c3174f49794d93b10b2013aa7b5d7029d12989458482c95ee56a"]
simplejson = ["034550078a11664d77bc1a8364c90bb7eef0e44c2dbb1fd0a4d92e3997088667", "05b43d568300c1cd43f95ff4bfcff984bc658aa001be91efb3bb21df9d6288d3", "0dd9d9c738cb008bfc0862c9b8fa6743495c03a0ed543884bf92fb7d30f8d043", "10fc250c3edea4abc15d930d77274ddb8df4803453dde7ad50c2f5565a18a4bb", "2862beabfb9097a745a961426fe7daf66e1714151da8bb9a0c430dde3d59c7c0", "292c2e3f53be314cc59853bd20a35bf1f965f3bc121e007ab6fd526ed412a85d", "2d3eab2c3fe52007d703a26f71cf649a8c771fcdd949a3ae73041ba6797cfcf8", "2e7b57c2c146f8e4dadf84977a83f7ee50da17c8861fd7faf694d55e3274784f", "311f5dc2af07361725033b13cc3d0351de3da8bede3397d45650784c3f21fbcf", "344e2d920a7f27b4023c087ab539877a1e39ce8e3e90b867e0bfa97829824748", "3fabde09af43e0cbdee407555383063f8b45bfb52c361bc5da83fcffdb4fd278", "42b8b8dd0799f78e067e2aaae97e60d58a8f63582939af60abce4c48631a0aa4", "4b3442249d5e3893b90cb9f72c7d6ce4d2ea144d2c0d9f75b9ae1e5460f3121a", "55d65f9cc1b733d85ef95ab11f559cce55c7649a2160da2ac7a078534da676c8", "5c659a0efc80aaaba57fcd878855c8534ecb655a28ac8508885c50648e6e659d", "72d8a3ffca19a901002d6b068cf746be85747571c6a7ba12cbcf427bfb4ed971", "75ecc79f26d99222a084fbdd1ce5aad3ac3a8bd535cd9059528452da38b68841", "76ac9605bf2f6d9b56abf6f9da9047a8782574ad3531c82eae774947ae99cc3f", "7d276f69bfc8c7ba6c717ba8deaf28f9d3c8450ff0aa8713f5a3280e232be16b", "7f10f8ba9c1b1430addc7dd385fc322e221559d3ae49b812aebf57470ce8de45", "8042040af86a494a23c189b5aa0ea9433769cc029707833f261a79c98e3375f9", "813846738277729d7db71b82176204abc7fdae2f566e2d9fcf874f9b6472e3e6", "845a14f6deb124a3bcb98a62def067a67462a000e0508f256f9c18eff5847efc", "869a183c8e44bc03be1b2bbcc9ec4338e37fa8557fc506bf6115887c1d3bb956", "8acf76443cfb5c949b6e781c154278c059b09ac717d2757a830c869ba000cf8d", "8f713ea65958ef40049b6c45c40c206ab363db9591ff5a49d89b448933fa5746", "934115642c8ba9659b402c8bdbdedb48651fb94b576e3b3efd1ccb079609b04a", "9551f23e09300a9a528f7af20e35c9f79686d46d646152a0c8fc41d2d074d9b0", "9a2b7543559f8a1c9ed72724b549d8cc3515da7daf3e79813a15bdc4a769de25", "a55c76254d7cf8d4494bc508e7abb993a82a192d0db4552421e5139235604625", "ad8f41c2357b73bc9e8606d2fa226233bf4d55d85a8982ecdfd55823a6959995", "af4868da7dd53296cd7630687161d53a7ebe2e63814234631445697bd7c29f46", "afebfc3dd3520d37056f641969ce320b071bc7a0800639c71877b90d053e087f", "b59aa298137ca74a744c1e6e22cfc0bf9dca3a2f41f51bc92eb05695155d905a", "bc00d1210567a4cdd215ac6e17dc00cb9893ee521cee701adfd0fa43f7c73139", "c1cb29b1fced01f97e6d5631c3edc2dadb424d1f4421dad079cb13fc97acb42f", "c94dc64b1a389a416fc4218cd4799aa3756f25940cae33530a4f7f2f54f166da", "ceaa28a5bce8a46a130cd223e895080e258a88d51bf6e8de2fc54a6ef7e38c34", "cff6453e25204d3369c47b97dd34783ca820611bd334779d22192da23784194b", "d0b64409df09edb4c365d95004775c988259efe9be39697d7315c42b7a5e7e94", "d4813b30cb62d3b63ccc60dd12f2121780c7a3068db692daeb90f989877aaf04", "da3c55cdc66cfc3fffb607db49a42448785ea2732f055ac1549b69dcb392663b", "e058c7656c44fb494a11443191e381355388443d543f6fc1a245d5d238544396", "fed0f22bf1313ff79c7fc318f7199d6c2f96d4de3234b2f12a1eab350e597c06", "ffd4e4877a78c84d693e491b223385e0271278f5f4e1476a4962dca6824ecfeb"]
six = ["30639c035cdb23534cd4aa2dd52c3bf48f06e5f4a941509c8bafd8ce11080259", "8b74bedcbbbaca38ff6d7491d76f2b06b3592611af620f8426e82dddb04a5ced"]
snowballstemmer = ["209f257d7533fdb3cb73bdbd24f436239ca3b2fa67d56f6ff88e86be08cc5ef0", "df3bac3df4c2c01363f3dd2cfa78cce2840a79b9f1c2d2de9ce8d31683992f52"]
sphinx = ["cf2d5bc3c6c930ab0a1fbef3ad8a82994b1bf4ae923f8098a05c7e5516f07177", "f7db5b76c42c8b5ef31853c2de7178ef378b985d7793829ec071e120dac1d0ca"]
sphinx-rtd-theme = []
sphinx-sitemap = ["65adda39233cb17c0da10ba1cebaa2df73e271cdb6f8efd5cec8eef3b3cf7737"]
sphinxcontrib-applehelp = ["806111e5e962be97c29ec4c1e7fe277bfd19e9652fb1a4392105b43e01af885a", "a072735ec80e7675e3f432fcae8610ecf509c5f1869d17e2eecff44389cdbc58"]
sphinxcontrib-devhelp = ["8165223f9a335cc1af7ffe1ed31d2871f325254c0423bc0c4c7cd1c1e4734a2e", "ff7f1afa7b9642e7060379360a67e9c41e8f3121f2ce9164266f61b9f4b338e4"]
sphinxcontrib-googleanalytics = ["92b7d74a45defb01e7d29e86fd8206eba42c896b2272cbd1b4b4f6a7d178d5a8"]
sphinxcontrib-htmlhelp = ["3c0bc24a2c41e340ac37c85ced6dafc879ab485c095b1d65d2461ac2f7cca86f", "e8f5bb7e31b2dbb25b9cc435c8ab7a79787ebf7f906155729338f3156d93659b"]
sphinxcontrib-jsmath = ["2ec2eaebfb78f3f2078e73666b1415417a116cc848b72e5172e596c871103178", "a9925e4a4587247ed2191a22df5f6970656cb8ca2bd6284309578f2153e0c4b8"]
sphinxcontrib-qthelp = ["4c33767ee058b70dba89a6fc5c1892c0d57a54be67ddd3e7875a18d14cba5a72", "bd9fc24bcb748a8d51fd4ecaade681350aa63009a347a8c14e637895444dfab6"]
sphinxcontrib-serializinghtml = ["eaa0eccc86e982a9b939b2b82d12cc5d013385ba5eadcc7e4fed23f4405f77bc", "f242a81d423f59617a8e5cf16f5d4d74e28ee9a66f9e5b637a18082991db5a9a"]
termcolor = ["1d6d69ce66211143803fbc56652b41d73b4a400a2891d7bf7a1cdf4c02de613b"]
tqdm = ["1a336d2b829be50e46b84668691e0a2719f26c97c62846298dd5ae2937e4d5cf", "564d632ea2b9cb52979f7956e093e831c28d441c11751682f84c86fc46e4fd21"]
urllib3 = ["91056c15fa70756691db97756772bb1eb9678fa585d9184f24534b100dc60f4a", "e7983572181f5e1522d9c98453462384ee92a0be7fac5f1413a1e35c56cc0461"]
win32-setctime = ["568fd636c68350bcc54755213fe01966fe0a6c90b386c0776425944a0382abef", "b47e5023ec7f0b4962950902b15bc56464a380d869f59d27dbf9ab423b23e8f9"]
zipp = ["aa36550ff0c0b7ef7fa639055d797116ee891440eac1a56f378e2d3179e0320b", "c599e4d75c98f6798c509911d08a22e6c021d074469042177c8c86fb92eefd96"]
